
Microsoft Visual Studio Solution File, Format Version 12.00
# Visual Studio Version 17
VisualStudioVersion = 17.4.33213.308
MinimumVisualStudioVersion = 10.0.40219.1
Project("{FAE04EC0-301F-11D3-BF4B-00C04F79EFBC}") = "MagicVilla_VillaAPI", "MagicVilla_VillaAPI\MagicVilla_VillaAPI.csproj", "{079EE1B5-0B25-445D-8ACB-2CF85327F4BD}"
EndProject
Project("{FAE04EC0-301F-11D3-BF4B-00C04F79EFBC}") = "MagicVilla_Web", "MagicVilla_Web\MagicVilla_Web.csproj", "{0F286F45-8305-4E70-9786-F1F86118BDBE}"
EndProject
Global
	GlobalSection(SolutionConfigurationPlatforms) = preSolution
		Debug|Any CPU = Debug|Any CPU
		Release|Any CPU = Release|Any CPU
	EndGlobalSection
	GlobalSection(ProjectConfigurationPlatforms) = postSolution
		{079EE1B5-0B25-445D-8ACB-2CF85327F4BD}.Debug|Any CPU.ActiveCfg = Debug|Any CPU
		{079EE1B5-0B25-445D-8ACB-2CF85327F4BD}.Debug|Any CPU.Build.0 = Debug|Any CPU
		{079EE1B5-0B25-445D-8ACB-2CF85327F4BD}.Release|Any CPU.ActiveCfg = Release|Any CPU
		{079EE1B5-0B25-445D-8ACB-2CF85327F4BD}.Release|Any CPU.Build.0 = Release|Any CPU
		{0F286F45-8305-4E70-9786-F1F86118BDBE}.Debug|Any CPU.ActiveCfg = Debug|Any CPU
		{0F286F45-8305-4E70-9786-F1F86118BDBE}.Debug|Any CPU.Build.0 = Debug|Any CPU
		{0F286F45-8305-4E70-9786-F1F86118BDBE}.Release|Any CPU.ActiveCfg = Release|Any CPU
		{0F286F45-8305-4E70-9786-F1F86118BDBE}.Release|Any CPU.Build.0 = Release|Any CPU
	EndGlobalSection
	GlobalSection(SolutionProperties) = preSolution
		HideSolutionNode = FALSE
	EndGlobalSection
	GlobalSection(ExtensibilityGlobals) = postSolution
		SolutionGuid = {E3DE3AD2-7F6C-480B-A778-8974E7DEDC9B}
	EndGlobalSection
EndGlobal
